
Microsoft Visual Studio Solution File, Format Version 12.00
# Visual Studio Version 16
VisualStudioVersion = 16.0.31702.278
MinimumVisualStudioVersion = 10.0.40219.1
Project("{9A19103F-16F7-4668-BE54-9A1E7A4F7556}") = "visual_studio_angular_devextreme_dashboard", "visual_studio_angular_devextreme_dashboard\visual_studio_angular_devextreme_dashboard.csproj", "{EB8F35A3-FB52-48BD-8497-1CE1460EDDE1}"
EndProject
Project("{FAE04EC0-301F-11D3-BF4B-00C04F79EFBC}") = "AspNetCoreDashboardBackend", "AspNetCoreDashboardBackend\AspNetCoreDashboardBackend.csproj", "{73555CFD-30B3-4E29-8317-87F2992E837C}"
EndProject
Global
	GlobalSection(SolutionConfigurationPlatforms) = preSolution
		Debug|Any CPU = Debug|Any CPU
		Release|Any CPU = Release|Any CPU
	EndGlobalSection
	GlobalSection(ProjectConfigurationPlatforms) = postSolution
		{EB8F35A3-FB52-48BD-8497-1CE1460EDDE1}.Debug|Any CPU.ActiveCfg = Debug|Any CPU
		{EB8F35A3-FB52-48BD-8497-1CE1460EDDE1}.Debug|Any CPU.Build.0 = Debug|Any CPU
		{EB8F35A3-FB52-48BD-8497-1CE1460EDDE1}.Release|Any CPU.ActiveCfg = Release|Any CPU
		{EB8F35A3-FB52-48BD-8497-1CE1460EDDE1}.Release|Any CPU.Build.0 = Release|Any CPU
		{73555CFD-30B3-4E29-8317-87F2992E837C}.Debug|Any CPU.ActiveCfg = Debug|Any CPU
		{73555CFD-30B3-4E29-8317-87F2992E837C}.Debug|Any CPU.Build.0 = Debug|Any CPU
		{73555CFD-30B3-4E29-8317-87F2992E837C}.Release|Any CPU.ActiveCfg = Release|Any CPU
		{73555CFD-30B3-4E29-8317-87F2992E837C}.Release|Any CPU.Build.0 = Release|Any CPU
	EndGlobalSection
	GlobalSection(SolutionProperties) = preSolution
		HideSolutionNode = FALSE
	EndGlobalSection
	GlobalSection(ExtensibilityGlobals) = postSolution
		SolutionGuid = {553E5554-CCC9-4941-A8E9-628C60AD1678}
	EndGlobalSection
EndGlobal
